// !$*UTF8*$!
{
	archiveVersion = 1;
	classes = {
	};
	objectVersion = 50;
	objects = {

/* Begin PBXBuildFile section */
		9DE760F724C3CC2E001F5279 /* AppDelegate.swift in Sources */ = {isa = PBXBuildFile; fileRef = 9DE760F624C3CC2E001F5279 /* AppDelegate.swift */; };
		9DE760F924C3CC2E001F5279 /* SceneDelegate.swift in Sources */ = {isa = PBXBuildFile; fileRef = 9DE760F824C3CC2E001F5279 /* SceneDelegate.swift */; };
		9DE760FB24C3CC2E001F5279 /* WeatherViewController.swift in Sources */ = {isa = PBXBuildFile; fileRef = 9DE760FA24C3CC2E001F5279 /* WeatherViewController.swift */; };
		9DE760FE24C3CC2E001F5279 /* Main.storyboard in Resources */ = {isa = PBXBuildFile; fileRef = 9DE760FC24C3CC2E001F5279 /* Main.storyboard */; };
		9DE7610024C3CC30001F5279 /* Assets.xcassets in Resources */ = {isa = PBXBuildFile; fileRef = 9DE760FF24C3CC30001F5279 /* Assets.xcassets */; };
		9DE7610324C3CC30001F5279 /* LaunchScreen.storyboard in Resources */ = {isa = PBXBuildFile; fileRef = 9DE7610124C3CC30001F5279 /* LaunchScreen.storyboard */; };
		9DE7610F24C4F10A001F5279 /* light_background.pdf in Resources */ = {isa = PBXBuildFile; fileRef = 9DE7610E24C4F10A001F5279 /* light_background.pdf */; };
		9DE7611124C4F119001F5279 /* dark_background.pdf in Resources */ = {isa = PBXBuildFile; fileRef = 9DE7611024C4F119001F5279 /* dark_background.pdf */; };
		9DE7612924C5DCFD001F5279 /* WeatherManager.swift in Sources */ = {isa = PBXBuildFile; fileRef = 9DE7612824C5DCFD001F5279 /* WeatherManager.swift */; };
		9DE7612B24C60363001F5279 /* WeatherData.swift in Sources */ = {isa = PBXBuildFile; fileRef = 9DE7612A24C60363001F5279 /* WeatherData.swift */; };
		9DE7612D24C62D7F001F5279 /* WeatherModel.swift in Sources */ = {isa = PBXBuildFile; fileRef = 9DE7612C24C62D7F001F5279 /* WeatherModel.swift */; };
/* End PBXBuildFile section */

/* Begin PBXFileReference section */
		9DE760F324C3CC2E001F5279 /* Sunny Day.app */ = {isa = PBXFileReference; explicitFileType = wrapper.application; includeInIndex = 0; path = "Sunny Day.app"; sourceTree = BUILT_PRODUCTS_DIR; };
		9DE760F624C3CC2E001F5279 /* AppDelegate.swift */ = {isa = PBXFileReference; lastKnownFileType = sourcecode.swift; path = AppDelegate.swift; sourceTree = "<group>"; };
		9DE760F824C3CC2E001F5279 /* SceneDelegate.swift */ = {isa = PBXFileReference; lastKnownFileType = sourcecode.swift; path = SceneDelegate.swift; sourceTree = "<group>"; };
		9DE760FA24C3CC2E001F5279 /* WeatherViewController.swift */ = {isa = PBXFileReference; lastKnownFileType = sourcecode.swift; path = WeatherViewController.swift; sourceTree = "<group>"; };
		9DE760FD24C3CC2E001F5279 /* Base */ = {isa = PBXFileReference; lastKnownFileType = file.storyboard; name = Base; path = Base.lproj/Main.storyboard; sourceTree = "<group>"; };
		9DE760FF24C3CC30001F5279 /* Assets.xcassets */ = {isa = PBXFileReference; lastKnownFileType = folder.assetcatalog; path = Assets.xcassets; sourceTree = "<group>"; };
		9DE7610224C3CC30001F5279 /* Base */ = {isa = PBXFileReference; lastKnownFileType = file.storyboard; name = Base; path = Base.lproj/LaunchScreen.storyboard; sourceTree = "<group>"; };
		9DE7610424C3CC30001F5279 /* Info.plist */ = {isa = PBXFileReference; lastKnownFileType = text.plist.xml; path = Info.plist; sourceTree = "<group>"; };
		9DE7610E24C4F10A001F5279 /* light_background.pdf */ = {isa = PBXFileReference; lastKnownFileType = image.pdf; path = light_background.pdf; sourceTree = "<group>"; };
		9DE7611024C4F119001F5279 /* dark_background.pdf */ = {isa = PBXFileReference; lastKnownFileType = image.pdf; path = dark_background.pdf; sourceTree = "<group>"; };
		9DE7612824C5DCFD001F5279 /* WeatherManager.swift */ = {isa = PBXFileReference; lastKnownFileType = sourcecode.swift; path = WeatherManager.swift; sourceTree = "<group>"; };
		9DE7612A24C60363001F5279 /* WeatherData.swift */ = {isa = PBXFileReference; lastKnownFileType = sourcecode.swift; path = WeatherData.swift; sourceTree = "<group>"; };
		9DE7612C24C62D7F001F5279 /* WeatherModel.swift */ = {isa = PBXFileReference; lastKnownFileType = sourcecode.swift; path = WeatherModel.swift; sourceTree = "<group>"; };
/* End PBXFileReference section */

/* Begin PBXFrameworksBuildPhase section */
		9DE760F024C3CC2E001F5279 /* Frameworks */ = {
			isa = PBXFrameworksBuildPhase;
			buildActionMask = 2147483647;
			files = (
			);
			runOnlyForDeploymentPostprocessing = 0;
		};
/* End PBXFrameworksBuildPhase section */

/* Begin PBXGroup section */
		9DE760EA24C3CC2E001F5279 = {
			isa = PBXGroup;
			children = (
				9DE760F524C3CC2E001F5279 /* Sunny Day */,
				9DE760F424C3CC2E001F5279 /* Products */,
			);
			sourceTree = "<group>";
		};
		9DE760F424C3CC2E001F5279 /* Products */ = {
			isa = PBXGroup;
			children = (
				9DE760F324C3CC2E001F5279 /* Sunny Day.app */,
			);
			name = Products;
			sourceTree = "<group>";
		};
		9DE760F524C3CC2E001F5279 /* Sunny Day */ = {
			isa = PBXGroup;
			children = (
				9DE7612724C5DCB9001F5279 /* Controller */,
				9DE7612624C5DCB2001F5279 /* View */,
				9DE7612524C5DCA1001F5279 /* Model */,
				9DE760F624C3CC2E001F5279 /* AppDelegate.swift */,
				9DE760F824C3CC2E001F5279 /* SceneDelegate.swift */,
				9DE760FF24C3CC30001F5279 /* Assets.xcassets */,
				9DE7610124C3CC30001F5279 /* LaunchScreen.storyboard */,
				9DE7610424C3CC30001F5279 /* Info.plist */,
				9DE7610E24C4F10A001F5279 /* light_background.pdf */,
				9DE7611024C4F119001F5279 /* dark_background.pdf */,
			);
			path = "Sunny Day";
			sourceTree = "<group>";
		};
		9DE7612524C5DCA1001F5279 /* Model */ = {
			isa = PBXGroup;
			children = (
				9DE7612824C5DCFD001F5279 /* WeatherManager.swift */,
				9DE7612A24C60363001F5279 /* WeatherData.swift */,
				9DE7612C24C62D7F001F5279 /* WeatherModel.swift */,
			);
			path = Model;
			sourceTree = "<group>";
		};
		9DE7612624C5DCB2001F5279 /* View */ = {
			isa = PBXGroup;
			children = (
				9DE760FC24C3CC2E001F5279 /* Main.storyboard */,
			);
			path = View;
			sourceTree = "<group>";
		};
		9DE7612724C5DCB9001F5279 /* Controller */ = {
			isa = PBXGroup;
			children = (
				9DE760FA24C3CC2E001F5279 /* WeatherViewController.swift */,
			);
			path = Controller;
			sourceTree = "<group>";
		};
/* End PBXGroup section */

/* Begin PBXNativeTarget section */
		9DE760F224C3CC2E001F5279 /* Sunny Day */ = {
			isa = PBXNativeTarget;
			buildConfigurationList = 9DE7610724C3CC30001F5279 /* Build configuration list for PBXNativeTarget "Sunny Day" */;
			buildPhases = (
				9DE760EF24C3CC2E001F5279 /* Sources */,
				9DE760F024C3CC2E001F5279 /* Frameworks */,
				9DE760F124C3CC2E001F5279 /* Resources */,
			);
			buildRules = (
			);
			dependencies = (
			);
			name = "Sunny Day";
			productName = "Sunny Day";
			productReference = 9DE760F324C3CC2E001F5279 /* Sunny Day.app */;
			productType = "com.apple.product-type.application";
		};
/* End PBXNativeTarget section */

/* Begin PBXProject section */
		9DE760EB24C3CC2E001F5279 /* Project object */ = {
			isa = PBXProject;
			attributes = {
				LastSwiftUpdateCheck = 1160;
				LastUpgradeCheck = 1160;
				ORGANIZATIONNAME = "Sachin Khanal";
				TargetAttributes = {
					9DE760F224C3CC2E001F5279 = {
						CreatedOnToolsVersion = 11.6;
					};
				};
			};
			buildConfigurationList = 9DE760EE24C3CC2E001F5279 /* Build configuration list for PBXProject "Sunny Day" */;
			compatibilityVersion = "Xcode 9.3";
			developmentRegion = en;
			hasScannedForEncodings = 0;
			knownRegions = (
				en,
				Base,
			);
			mainGroup = 9DE760EA24C3CC2E001F5279;
			productRefGroup = 9DE760F424C3CC2E001F5279 /* Products */;
			projectDirPath = "";
			projectRoot = "";
			targets = (
				9DE760F224C3CC2E001F5279 /* Sunny Day */,
			);
		};
/* End PBXProject section */

/* Begin PBXResourcesBuildPhase section */
		9DE760F124C3CC2E001F5279 /* Resources */ = {
			isa = PBXResourcesBuildPhase;
			buildActionMask = 2147483647;
			files = (
				9DE7611124C4F119001F5279 /* dark_background.pdf in Resources */,
				9DE7610324C3CC30001F5279 /* LaunchScreen.storyboard in Resources */,
				9DE7610024C3CC30001F5279 /* Assets.xcassets in Resources */,
				9DE760FE24C3CC2E001F5279 /* Main.storyboard in Resources */,
				9DE7610F24C4F10A001F5279 /* light_background.pdf in Resources */,
			);
			runOnlyForDeploymentPostprocessing = 0;
		};
/* End PBXResourcesBuildPhase section */

/* Begin PBXSourcesBuildPhase section */
		9DE760EF24C3CC2E001F5279 /* Sources */ = {
			isa = PBXSourcesBuildPhase;
			buildActionMask = 2147483647;
			files = (
				9DE760FB24C3CC2E001F5279 /* WeatherViewController.swift in Sources */,
				9DE7612B24C60363001F5279 /* WeatherData.swift in Sources */,
				9DE760F724C3CC2E001F5279 /* AppDelegate.swift in Sources */,
				9DE7612924C5DCFD001F5279 /* WeatherManager.swift in Sources */,
				9DE7612D24C62D7F001F5279 /* WeatherModel.swift in Sources */,
				9DE760F924C3CC2E001F5279 /* SceneDelegate.swift in Sources */,
			);
			runOnlyForDeploymentPostprocessing = 0;
		};
/* End PBXSourcesBuildPhase section */

/* Begin PBXVariantGroup section */
		9DE760FC24C3CC2E001F5279 /* Main.storyboard */ = {
			isa = PBXVariantGroup;
			children = (
				9DE760FD24C3CC2E001F5279 /* Base */,
			);
			name = Main.storyboard;
			sourceTree = "<group>";
		};
		9DE7610124C3CC30001F5279 /* LaunchScreen.storyboard */ = {
			isa = PBXVariantGroup;
			children = (
				9DE7610224C3CC30001F5279 /* Base */,
			);
			name = LaunchScreen.storyboard;
			sourceTree = "<group>";
		};
/* End PBXVariantGroup section */

/* Begin XCBuildConfiguration section */
		9DE7610524C3CC30001F5279 /* Debug */ = {
			isa = XCBuildConfiguration;
			buildSettings = {
				ALWAYS_SEARCH_USER_PATHS = NO;
				CLANG_ANALYZER_NONNULL = YES;
				CLANG_ANALYZER_NUMBER_OBJECT_CONVERSION = YES_AGGRESSIVE;
				CLANG_CXX_LANGUAGE_STANDARD = "gnu++14";
				CLANG_CXX_LIBRARY = "libc++";
				CLANG_ENABLE_MODULES = YES;
				CLANG_ENABLE_OBJC_ARC = YES;
				CLANG_ENABLE_OBJC_WEAK = YES;
				CLANG_WARN_BLOCK_CAPTURE_AUTORELEASING = YES;
				CLANG_WARN_BOOL_CONVERSION = YES;
				CLANG_WARN_COMMA = YES;
				CLANG_WARN_CONSTANT_CONVERSION = YES;
				CLANG_WARN_DEPRECATED_OBJC_IMPLEMENTATIONS = YES;
				CLANG_WARN_DIRECT_OBJC_ISA_USAGE = YES_ERROR;
				CLANG_WARN_DOCUMENTATION_COMMENTS = YES;
				CLANG_WARN_EMPTY_BODY = YES;
				CLANG_WARN_ENUM_CONVERSION = YES;
				CLANG_WARN_INFINITE_RECURSION = YES;
				CLANG_WARN_INT_CONVERSION = YES;
				CLANG_WARN_NON_LITERAL_NULL_CONVERSION = YES;
				CLANG_WARN_OBJC_IMPLICIT_RETAIN_SELF = YES;
				CLANG_WARN_OBJC_LITERAL_CONVERSION = YES;
				CLANG_WARN_OBJC_ROOT_CLASS = YES_ERROR;
				CLANG_WARN_RANGE_LOOP_ANALYSIS = YES;
				CLANG_WARN_STRICT_PROTOTYPES = YES;
				CLANG_WARN_SUSPICIOUS_MOVE = YES;
				CLANG_WARN_UNGUARDED_AVAILABILITY = YES_AGGRESSIVE;
				CLANG_WARN_UNREACHABLE_CODE = YES;
				CLANG_WARN__DUPLICATE_METHOD_MATCH = YES;
				COPY_PHASE_STRIP = NO;
				DEBUG_INFORMATION_FORMAT = dwarf;
				ENABLE_STRICT_OBJC_MSGSEND = YES;
				ENABLE_TESTABILITY = YES;
				GCC_C_LANGUAGE_STANDARD = gnu11;
				GCC_DYNAMIC_NO_PIC = NO;
				GCC_NO_COMMON_BLOCKS = YES;
				GCC_OPTIMIZATION_LEVEL = 0;
				GCC_PREPROCESSOR_DEFINITIONS = (
					"DEBUG=1",
					"$(inherited)",
				);
				GCC_WARN_64_TO_32_BIT_CONVERSION = YES;
				GCC_WARN_ABOUT_RETURN_TYPE = YES_ERROR;
				GCC_WARN_UNDECLARED_SELECTOR = YES;
				GCC_WARN_UNINITIALIZED_AUTOS = YES_AGGRESSIVE;
				GCC_WARN_UNUSED_FUNCTION = YES;
				GCC_WARN_UNUSED_VARIABLE = YES;
				IPHONEOS_DEPLOYMENT_TARGET = 13.6;
				MTL_ENABLE_DEBUG_INFO = INCLUDE_SOURCE;
				MTL_FAST_MATH = YES;
				ONLY_ACTIVE_ARCH = YES;
				SDKROOT = iphoneos;
				SWIFT_ACTIVE_COMPILATION_CONDITIONS = DEBUG;
				SWIFT_OPTIMIZATION_LEVEL = "-Onone";
			};
			name = Debug;
		};
		9DE7610624C3CC30001F5279 /* Release */ = {
			isa = XCBuildConfiguration;
			buildSettings = {
				ALWAYS_SEARCH_USER_PATHS = NO;
				CLANG_ANALYZER_NONNULL = YES;
				CLANG_ANALYZER_NUMBER_OBJECT_CONVERSION = YES_AGGRESSIVE;
				CLANG_CXX_LANGUAGE_STANDARD = "gnu++14";
				CLANG_CXX_LIBRARY = "libc++";
				CLANG_ENABLE_MODULES = YES;
				CLANG_ENABLE_OBJC_ARC = YES;
				CLANG_ENABLE_OBJC_WEAK = YES;
				CLANG_WARN_BLOCK_CAPTURE_AUTORELEASING = YES;
				CLANG_WARN_BOOL_CONVERSION = YES;
				CLANG_WARN_COMMA = YES;
				CLANG_WARN_CONSTANT_CONVERSION = YES;
				CLANG_WARN_DEPRECATED_OBJC_IMPLEMENTATIONS = YES;
				CLANG_WARN_DIRECT_OBJC_ISA_USAGE = YES_ERROR;
				CLANG_WARN_DOCUMENTATION_COMMENTS = YES;
				CLANG_WARN_EMPTY_BODY = YES;
				CLANG_WARN_ENUM_CONVERSION = YES;
				CLANG_WARN_INFINITE_RECURSION = YES;
				CLANG_WARN_INT_CONVERSION = YES;
				CLANG_WARN_NON_LITERAL_NULL_CONVERSION = YES;
				CLANG_WARN_OBJC_IMPLICIT_RETAIN_SELF = YES;
				CLANG_WARN_OBJC_LITERAL_CONVERSION = YES;
				CLANG_WARN_OBJC_ROOT_CLASS = YES_ERROR;
				CLANG_WARN_RANGE_LOOP_ANALYSIS = YES;
				CLANG_WARN_STRICT_PROTOTYPES = YES;
				CLANG_WARN_SUSPICIOUS_MOVE = YES;
				CLANG_WARN_UNGUARDED_AVAILABILITY = YES_AGGRESSIVE;
				CLANG_WARN_UNREACHABLE_CODE = YES;
				CLANG_WARN__DUPLICATE_METHOD_MATCH = YES;
				COPY_PHASE_STRIP = NO;
				DEBUG_INFORMATION_FORMAT = "dwarf-with-dsym";
				ENABLE_NS_ASSERTIONS = NO;
				ENABLE_STRICT_OBJC_MSGSEND = YES;
				GCC_C_LANGUAGE_STANDARD = gnu11;
				GCC_NO_COMMON_BLOCKS = YES;
				GCC_WARN_64_TO_32_BIT_CONVERSION = YES;
				GCC_WARN_ABOUT_RETURN_TYPE = YES_ERROR;
				GCC_WARN_UNDECLARED_SELECTOR = YES;
				GCC_WARN_UNINITIALIZED_AUTOS = YES_AGGRESSIVE;
				GCC_WARN_UNUSED_FUNCTION = YES;
				GCC_WARN_UNUSED_VARIABLE = YES;
				IPHONEOS_DEPLOYMENT_TARGET = 13.6;
				MTL_ENABLE_DEBUG_INFO = NO;
				MTL_FAST_MATH = YES;
				SDKROOT = iphoneos;
				SWIFT_COMPILATION_MODE = wholemodule;
				SWIFT_OPTIMIZATION_LEVEL = "-O";
				VALIDATE_PRODUCT = YES;
			};
			name = Release;
		};
		9DE7610824C3CC30001F5279 /* Debug */ = {
			isa = XCBuildConfiguration;
			buildSettings = {
				ASSETCATALOG_COMPILER_APPICON_NAME = AppIcon;
				CODE_SIGN_STYLE = Automatic;
				DEVELOPMENT_TEAM = 7JQZ4GPTEQ;
				INFOPLIST_FILE = "Sunny Day/Info.plist";
				LD_RUNPATH_SEARCH_PATHS = (
					"$(inherited)",
					"@executable_path/Frameworks",
				);
				PRODUCT_BUNDLE_IDENTIFIER = "com.sackhanaal.Sunny-Day";
				PRODUCT_NAME = "$(TARGET_NAME)";
				SWIFT_VERSION = 5.0;
				TARGETED_DEVICE_FAMILY = "1,2";
			};
			name = Debug;
		};
		9DE7610924C3CC30001F5279 /* Release */ = {
			isa = XCBuildConfiguration;
			buildSettings = {
				ASSETCATALOG_COMPILER_APPICON_NAME = AppIcon;
				CODE_SIGN_STYLE = Automatic;
				DEVELOPMENT_TEAM = 7JQZ4GPTEQ;
				INFOPLIST_FILE = "Sunny Day/Info.plist";
				LD_RUNPATH_SEARCH_PATHS = (
					"$(inherited)",
					"@executable_path/Frameworks",
				);
				PRODUCT_BUNDLE_IDENTIFIER = "com.sackhanaal.Sunny-Day";
				PRODUCT_NAME = "$(TARGET_NAME)";
				SWIFT_VERSION = 5.0;
				TARGETED_DEVICE_FAMILY = "1,2";
			};
			name = Release;
		};
/* End XCBuildConfiguration section */

/* Begin XCConfigurationList section */
		9DE760EE24C3CC2E001F5279 /* Build configuration list for PBXProject "Sunny Day" */ = {
			isa = XCConfigurationList;
			buildConfigurations = (
				9DE7610524C3CC30001F5279 /* Debug */,
				9DE7610624C3CC30001F5279 /* Release */,
			);
			defaultConfigurationIsVisible = 0;
			defaultConfigurationName = Release;
		};
		9DE7610724C3CC30001F5279 /* Build configuration list for PBXNativeTarget "Sunny Day" */ = {
			isa = XCConfigurationList;
			buildConfigurations = (
				9DE7610824C3CC30001F5279 /* Debug */,
				9DE7610924C3CC30001F5279 /* Release */,
			);
			defaultConfigurationIsVisible = 0;
			defaultConfigurationName = Release;
		};
/* End XCConfigurationList section */
	};
	rootObject = 9DE760EB24C3CC2E001F5279 /* Project object */;
}
